Microsoft Visual Studio Solution File, Format Version 11.00
# Visual Studio 2010
Project("{F184B08F-C81C-45F6-A57F-5ABD9991F28F}") = "E5142", "E5142\E5142.vbproj", "{127E0D38-1F01-4625-A340-E4A555D47A74}"
EndProject
Global
	GlobalSection(SolutionConfigurationPlatforms) = preSolution
		Debug|Any CPU = Debug|Any CPU
		Release|Any CPU = Release|Any CPU
	EndGlobalSection
	GlobalSection(ProjectConfigurationPlatforms) = postSolution
		{127E0D38-1F01-4625-A340-E4A555D47A74}.Debug|Any CPU.ActiveCfg = Debug|Any CPU
		{127E0D38-1F01-4625-A340-E4A555D47A74}.Debug|Any CPU.Build.0 = Debug|Any CPU
		{127E0D38-1F01-4625-A340-E4A555D47A74}.Release|Any CPU.ActiveCfg = Release|Any CPU
		{127E0D38-1F01-4625-A340-E4A555D47A74}.Release|Any CPU.Build.0 = Release|Any CPU
	EndGlobalSection
	GlobalSection(SolutionProperties) = preSolution
		HideSolutionNode = FALSE
	EndGlobalSection
EndGlobal
